
Microsoft Visual Studio Solution File, Format Version 12.00
# Visual Studio Version 17
VisualStudioVersion = 17.1.32328.378
MinimumVisualStudioVersion = 10.0.40219.1
Project("{FAE04EC0-301F-11D3-BF4B-00C04F79EFBC}") = "MusicFinder", "MusicFinder.csproj", "{9433B9DE-CD6B-469A-9C7F-2838C4155487}"
EndProject
Global
	GlobalSection(SolutionConfigurationPlatforms) = preSolution
		Debug|Any CPU = Debug|Any CPU
		Release|Any CPU = Release|Any CPU
	EndGlobalSection
	GlobalSection(ProjectConfigurationPlatforms) = postSolution
		{9433B9DE-CD6B-469A-9C7F-2838C4155487}.Debug|Any CPU.ActiveCfg = Debug|Any CPU
		{9433B9DE-CD6B-469A-9C7F-2838C4155487}.Debug|Any CPU.Build.0 = Debug|Any CPU
		{9433B9DE-CD6B-469A-9C7F-2838C4155487}.Release|Any CPU.ActiveCfg = Release|Any CPU
		{9433B9DE-CD6B-469A-9C7F-2838C4155487}.Release|Any CPU.Build.0 = Release|Any CPU
	EndGlobalSection
	GlobalSection(SolutionProperties) = preSolution
		HideSolutionNode = FALSE
	EndGlobalSection
	GlobalSection(ExtensibilityGlobals) = postSolution
		SolutionGuid = {BAC605C8-9347-4FBA-8463-54A9783CEECD}
	EndGlobalSection
EndGlobal
